
Microsoft Visual Studio Solution File, Format Version 12.00
# Visual Studio Version 17
VisualStudioVersion = 17.7.34221.43
MinimumVisualStudioVersion = 10.0.40219.1
Project("{FAE04EC0-301F-11D3-BF4B-00C04F79EFBC}") = "taxable income.PAYE", "taxable income.PAYE\taxable income.PAYE.csproj", "{D3C15742-F55A-4E60-99CA-C13A09F0C26B}"
EndProject
Global
	GlobalSection(SolutionConfigurationPlatforms) = preSolution
		Debug|Any CPU = Debug|Any CPU
		Release|Any CPU = Release|Any CPU
	EndGlobalSection
	GlobalSection(ProjectConfigurationPlatforms) = postSolution
		{D3C15742-F55A-4E60-99CA-C13A09F0C26B}.Debug|Any CPU.ActiveCfg = Debug|Any CPU
		{D3C15742-F55A-4E60-99CA-C13A09F0C26B}.Debug|Any CPU.Build.0 = Debug|Any CPU
		{D3C15742-F55A-4E60-99CA-C13A09F0C26B}.Release|Any CPU.ActiveCfg = Release|Any CPU
		{D3C15742-F55A-4E60-99CA-C13A09F0C26B}.Release|Any CPU.Build.0 = Release|Any CPU
	EndGlobalSection
	GlobalSection(SolutionProperties) = preSolution
		HideSolutionNode = FALSE
	EndGlobalSection
	GlobalSection(ExtensibilityGlobals) = postSolution
		SolutionGuid = {657CA41B-EC58-496E-A122-B8603EB4C638}
	EndGlobalSection
EndGlobal
