
Microsoft Visual Studio Solution File, Format Version 12.00
# Visual Studio Version 17
VisualStudioVersion = 17.7.34031.279
MinimumVisualStudioVersion = 10.0.40219.1
Project("{FAE04EC0-301F-11D3-BF4B-00C04F79EFBC}") = "WinFormsApp2", "WinFormsApp2.csproj", "{AE68DBAB-ECEB-4889-9E75-62556097A766}"
EndProject
Global
	GlobalSection(SolutionConfigurationPlatforms) = preSolution
		Debug|Any CPU = Debug|Any CPU
		Release|Any CPU = Release|Any CPU
	EndGlobalSection
	GlobalSection(ProjectConfigurationPlatforms) = postSolution
		{AE68DBAB-ECEB-4889-9E75-62556097A766}.Debug|Any CPU.ActiveCfg = Debug|Any CPU
		{AE68DBAB-ECEB-4889-9E75-62556097A766}.Debug|Any CPU.Build.0 = Debug|Any CPU
		{AE68DBAB-ECEB-4889-9E75-62556097A766}.Release|Any CPU.ActiveCfg = Release|Any CPU
		{AE68DBAB-ECEB-4889-9E75-62556097A766}.Release|Any CPU.Build.0 = Release|Any CPU
	EndGlobalSection
	GlobalSection(SolutionProperties) = preSolution
		HideSolutionNode = FALSE
	EndGlobalSection
	GlobalSection(ExtensibilityGlobals) = postSolution
		SolutionGuid = {C49508A0-9E48-4755-ACD3-B32D8DAAA759}
	EndGlobalSection
EndGlobal
